
Microsoft Visual Studio Solution File, Format Version 12.00
# Visual Studio Version 16
VisualStudioVersion = 16.0.32602.291
MinimumVisualStudioVersion = 10.0.40219.1
Project("{FAE04EC0-301F-11D3-BF4B-00C04F79EFBC}") = "MaliciousFileScanner", "MaliciousFileScanner\MaliciousFileScanner.csproj", "{727EFA46-E757-4805-939B-F5430155CEDA}"
EndProject
Global
	GlobalSection(SolutionConfigurationPlatforms) = preSolution
		Debug|Any CPU = Debug|Any CPU
		Release|Any CPU = Release|Any CPU
	EndGlobalSection
	GlobalSection(ProjectConfigurationPlatforms) = postSolution
		{727EFA46-E757-4805-939B-F5430155CEDA}.Debug|Any CPU.ActiveCfg = Debug|Any CPU
		{727EFA46-E757-4805-939B-F5430155CEDA}.Debug|Any CPU.Build.0 = Debug|Any CPU
		{727EFA46-E757-4805-939B-F5430155CEDA}.Release|Any CPU.ActiveCfg = Release|x86
		{727EFA46-E757-4805-939B-F5430155CEDA}.Release|Any CPU.Build.0 = Release|x86
	EndGlobalSection
	GlobalSection(SolutionProperties) = preSolution
		HideSolutionNode = FALSE
	EndGlobalSection
	GlobalSection(ExtensibilityGlobals) = postSolution
		SolutionGuid = {1873F21D-8854-4C5A-AB20-AABD8650E002}
	EndGlobalSection
EndGlobal
